
Microsoft Visual Studio Solution File, Format Version 12.00
# Visual Studio 15
Project("{FAE04EC0-301F-11D3-BF4B-00C04F79EFBC}") = "bikestry.Android", "bikestry.Android\bikestry.Android.csproj", "{24CE3C36-16B9-426D-AA0C-5961ECF8D88C}"
EndProject
Project("{FAE04EC0-301F-11D3-BF4B-00C04F79EFBC}") = "bikestry.iOS", "bikestry.iOS\bikestry.iOS.csproj", "{5D1395BA-DCF0-4A0D-9A30-78D1C394F870}"
EndProject
Project("{FAE04EC0-301F-11D3-BF4B-00C04F79EFBC}") = "bikestry", "bikestry\bikestry.csproj", "{62C33592-7030-4116-AA5D-E4656C622FAC}"
EndProject
Global
	GlobalSection(SolutionConfigurationPlatforms) = preSolution
		Debug|Any CPU = Debug|Any CPU
		Release|Any CPU = Release|Any CPU
		Debug|iPhoneSimulator = Debug|iPhoneSimulator
		Release|iPhoneSimulator = Release|iPhoneSimulator
		Debug|iPhone = Debug|iPhone
		Release|iPhone = Release|iPhone
	EndGlobalSection
	GlobalSection(ProjectConfigurationPlatforms) = postSolution
		{24CE3C36-16B9-426D-AA0C-5961ECF8D88C}.Debug|Any CPU.ActiveCfg = Debug|Any CPU
		{24CE3C36-16B9-426D-AA0C-5961ECF8D88C}.Debug|Any CPU.Build.0 = Debug|Any CPU
		{24CE3C36-16B9-426D-AA0C-5961ECF8D88C}.Release|Any CPU.ActiveCfg = Release|Any CPU
		{24CE3C36-16B9-426D-AA0C-5961ECF8D88C}.Release|Any CPU.Build.0 = Release|Any CPU
		{24CE3C36-16B9-426D-AA0C-5961ECF8D88C}.Debug|iPhoneSimulator.ActiveCfg = Debug|Any CPU
		{24CE3C36-16B9-426D-AA0C-5961ECF8D88C}.Debug|iPhoneSimulator.Build.0 = Debug|Any CPU
		{24CE3C36-16B9-426D-AA0C-5961ECF8D88C}.Release|iPhoneSimulator.ActiveCfg = Release|Any CPU
		{24CE3C36-16B9-426D-AA0C-5961ECF8D88C}.Release|iPhoneSimulator.Build.0 = Release|Any CPU
		{24CE3C36-16B9-426D-AA0C-5961ECF8D88C}.Debug|iPhone.ActiveCfg = Debug|Any CPU
		{24CE3C36-16B9-426D-AA0C-5961ECF8D88C}.Debug|iPhone.Build.0 = Debug|Any CPU
		{24CE3C36-16B9-426D-AA0C-5961ECF8D88C}.Release|iPhone.ActiveCfg = Release|Any CPU
		{24CE3C36-16B9-426D-AA0C-5961ECF8D88C}.Release|iPhone.Build.0 = Release|Any CPU
		{5D1395BA-DCF0-4A0D-9A30-78D1C394F870}.Debug|Any CPU.ActiveCfg = Debug|iPhoneSimulator
		{5D1395BA-DCF0-4A0D-9A30-78D1C394F870}.Debug|Any CPU.Build.0 = Debug|iPhoneSimulator
		{5D1395BA-DCF0-4A0D-9A30-78D1C394F870}.Release|Any CPU.ActiveCfg = Release|iPhoneSimulator
		{5D1395BA-DCF0-4A0D-9A30-78D1C394F870}.Release|Any CPU.Build.0 = Release|iPhoneSimulator
		{5D1395BA-DCF0-4A0D-9A30-78D1C394F870}.Debug|iPhoneSimulator.ActiveCfg = Debug|iPhoneSimulator
		{5D1395BA-DCF0-4A0D-9A30-78D1C394F870}.Debug|iPhoneSimulator.Build.0 = Debug|iPhoneSimulator
		{5D1395BA-DCF0-4A0D-9A30-78D1C394F870}.Release|iPhoneSimulator.ActiveCfg = Release|iPhoneSimulator
		{5D1395BA-DCF0-4A0D-9A30-78D1C394F870}.Release|iPhoneSimulator.Build.0 = Release|iPhoneSimulator
		{5D1395BA-DCF0-4A0D-9A30-78D1C394F870}.Debug|iPhone.ActiveCfg = Debug|iPhone
		{5D1395BA-DCF0-4A0D-9A30-78D1C394F870}.Debug|iPhone.Build.0 = Debug|iPhone
		{5D1395BA-DCF0-4A0D-9A30-78D1C394F870}.Release|iPhone.ActiveCfg = Release|iPhone
		{5D1395BA-DCF0-4A0D-9A30-78D1C394F870}.Release|iPhone.Build.0 = Release|iPhone
		{62C33592-7030-4116-AA5D-E4656C622FAC}.Debug|Any CPU.ActiveCfg = Debug|Any CPU
		{62C33592-7030-4116-AA5D-E4656C622FAC}.Debug|Any CPU.Build.0 = Debug|Any CPU
		{62C33592-7030-4116-AA5D-E4656C622FAC}.Release|Any CPU.ActiveCfg = Release|Any CPU
		{62C33592-7030-4116-AA5D-E4656C622FAC}.Release|Any CPU.Build.0 = Release|Any CPU
		{62C33592-7030-4116-AA5D-E4656C622FAC}.Debug|iPhoneSimulator.ActiveCfg = Debug|Any CPU
		{62C33592-7030-4116-AA5D-E4656C622FAC}.Debug|iPhoneSimulator.Build.0 = Debug|Any CPU
		{62C33592-7030-4116-AA5D-E4656C622FAC}.Release|iPhoneSimulator.ActiveCfg = Release|Any CPU
		{62C33592-7030-4116-AA5D-E4656C622FAC}.Release|iPhoneSimulator.Build.0 = Release|Any CPU
		{62C33592-7030-4116-AA5D-E4656C622FAC}.Debug|iPhone.ActiveCfg = Debug|Any CPU
		{62C33592-7030-4116-AA5D-E4656C622FAC}.Debug|iPhone.Build.0 = Debug|Any CPU
		{62C33592-7030-4116-AA5D-E4656C622FAC}.Release|iPhone.ActiveCfg = Release|Any CPU
		{62C33592-7030-4116-AA5D-E4656C622FAC}.Release|iPhone.Build.0 = Release|Any CPU
	EndGlobalSection
EndGlobal
